Microsoft Visual Studio Solution File, Format Version 11.00
# Visual Studio 2008

Project("{D5260882-947E-4FEA-2DF9-96562C9C615D}") = "FXDrone", "Assembly-CSharp.csproj", "{3A6A04C0-CBDE-2008-1D0B-6C2928E9D493}"
EndProject
Global
	GlobalSection(SolutionConfigurationPlatforms) = preSolution
		Debug|Any CPU = Debug|Any CPU
		Release|Any CPU = Release|Any CPU
	EndGlobalSection
	GlobalSection(ProjectConfigurationPlatforms) = postSolution
		{3A6A04C0-CBDE-2008-1D0B-6C2928E9D493}.Debug|Any CPU.ActiveCfg = Debug|Any CPU
		{3A6A04C0-CBDE-2008-1D0B-6C2928E9D493}.Debug|Any CPU.Build.0 = Debug|Any CPU
		{3A6A04C0-CBDE-2008-1D0B-6C2928E9D493}.Release|Any CPU.ActiveCfg = Release|Any CPU
		{3A6A04C0-CBDE-2008-1D0B-6C2928E9D493}.Release|Any CPU.Build.0 = Release|Any CPU
	EndGlobalSection
	GlobalSection(SolutionProperties) = preSolution
		HideSolutionNode = FALSE
	EndGlobalSection
	GlobalSection(MonoDevelopProperties) = preSolution
		StartupItem = Assembly-CSharp.csproj
	EndGlobalSection
EndGlobal
